
Microsoft Visual Studio Solution File, Format Version 12.00
# Visual Studio Version 17
VisualStudioVersion = 17.4.33110.190
MinimumVisualStudioVersion = 10.0.40219.1
Project("{9A19103F-16F7-4668-BE54-9A1E7A4F7556}") = "Launcher", "Launcher\Launcher.csproj", "{0F3E8764-75CA-4166-89D9-552D1B09CB4D}"
EndProject
Project("{9A19103F-16F7-4668-BE54-9A1E7A4F7556}") = "Core.Abstract", "Core.Abstract\Core.Abstract.csproj", "{499A8C59-E1FE-43D3-B3FB-56CF294FE137}"
EndProject
Project("{9A19103F-16F7-4668-BE54-9A1E7A4F7556}") = "Core.Generator", "Core.Generator\Core.Generator.csproj", "{27784F0B-B7BA-43E1-9650-7AAE18293929}"
EndProject
Project("{9A19103F-16F7-4668-BE54-9A1E7A4F7556}") = "Core.Launcher", "Core.Launcher\Core.Launcher.csproj", "{32AF53D9-2873-47C1-858C-F1D6D76C172B}"
EndProject
Project("{9A19103F-16F7-4668-BE54-9A1E7A4F7556}") = "Scripts", "Scripts\Scripts.csproj", "{D99AB113-77DD-45E0-854F-A04008303E57}"
EndProject
Global
	GlobalSection(SolutionConfigurationPlatforms) = preSolution
		Debug|Any CPU = Debug|Any CPU
		Release|Any CPU = Release|Any CPU
	EndGlobalSection
	GlobalSection(ProjectConfigurationPlatforms) = postSolution
		{0F3E8764-75CA-4166-89D9-552D1B09CB4D}.Debug|Any CPU.ActiveCfg = Debug|Any CPU
		{0F3E8764-75CA-4166-89D9-552D1B09CB4D}.Debug|Any CPU.Build.0 = Debug|Any CPU
		{0F3E8764-75CA-4166-89D9-552D1B09CB4D}.Release|Any CPU.ActiveCfg = Release|Any CPU
		{0F3E8764-75CA-4166-89D9-552D1B09CB4D}.Release|Any CPU.Build.0 = Release|Any CPU
		{499A8C59-E1FE-43D3-B3FB-56CF294FE137}.Debug|Any CPU.ActiveCfg = Debug|Any CPU
		{499A8C59-E1FE-43D3-B3FB-56CF294FE137}.Debug|Any CPU.Build.0 = Debug|Any CPU
		{499A8C59-E1FE-43D3-B3FB-56CF294FE137}.Release|Any CPU.ActiveCfg = Release|Any CPU
		{499A8C59-E1FE-43D3-B3FB-56CF294FE137}.Release|Any CPU.Build.0 = Release|Any CPU
		{27784F0B-B7BA-43E1-9650-7AAE18293929}.Debug|Any CPU.ActiveCfg = Debug|Any CPU
		{27784F0B-B7BA-43E1-9650-7AAE18293929}.Debug|Any CPU.Build.0 = Debug|Any CPU
		{27784F0B-B7BA-43E1-9650-7AAE18293929}.Release|Any CPU.ActiveCfg = Release|Any CPU
		{27784F0B-B7BA-43E1-9650-7AAE18293929}.Release|Any CPU.Build.0 = Release|Any CPU
		{32AF53D9-2873-47C1-858C-F1D6D76C172B}.Debug|Any CPU.ActiveCfg = Debug|Any CPU
		{32AF53D9-2873-47C1-858C-F1D6D76C172B}.Debug|Any CPU.Build.0 = Debug|Any CPU
		{32AF53D9-2873-47C1-858C-F1D6D76C172B}.Release|Any CPU.ActiveCfg = Release|Any CPU
		{32AF53D9-2873-47C1-858C-F1D6D76C172B}.Release|Any CPU.Build.0 = Release|Any CPU
		{D99AB113-77DD-45E0-854F-A04008303E57}.Debug|Any CPU.ActiveCfg = Debug|Any CPU
		{D99AB113-77DD-45E0-854F-A04008303E57}.Debug|Any CPU.Build.0 = Debug|Any CPU
		{D99AB113-77DD-45E0-854F-A04008303E57}.Release|Any CPU.ActiveCfg = Release|Any CPU
		{D99AB113-77DD-45E0-854F-A04008303E57}.Release|Any CPU.Build.0 = Release|Any CPU
	EndGlobalSection
	GlobalSection(SolutionProperties) = preSolution
		HideSolutionNode = FALSE
	EndGlobalSection
	GlobalSection(ExtensibilityGlobals) = postSolution
		SolutionGuid = {D4BC7AB5-D922-45C0-ADC6-D0E83EB9AF9C}
	EndGlobalSection
EndGlobal
